
Microsoft Visual Studio Solution File, Format Version 12.00
# Visual Studio 15
VisualStudioVersion = 15.0.28307.421
MinimumVisualStudioVersion = 10.0.40219.1
Project("{FAE04EC0-301F-11D3-BF4B-00C04F79EFBC}") = "RichTextBox_", "RichTextBox_\RichTextBox_.csproj", "{390E3D32-1CF8-4B89-BD72-502350E857FC}"
EndProject
Project("{FAE04EC0-301F-11D3-BF4B-00C04F79EFBC}") = "FormTextbox", "FormTextbox\FormTextbox.csproj", "{1E4188DB-014C-4246-A088-6A3D021F62C1}"
EndProject
Global
	GlobalSection(SolutionConfigurationPlatforms) = preSolution
		Debug|Any CPU = Debug|Any CPU
		Release|Any CPU = Release|Any CPU
	EndGlobalSection
	GlobalSection(ProjectConfigurationPlatforms) = postSolution
		{390E3D32-1CF8-4B89-BD72-502350E857FC}.Debug|Any CPU.ActiveCfg = Debug|Any CPU
		{390E3D32-1CF8-4B89-BD72-502350E857FC}.Debug|Any CPU.Build.0 = Debug|Any CPU
		{390E3D32-1CF8-4B89-BD72-502350E857FC}.Release|Any CPU.ActiveCfg = Release|Any CPU
		{390E3D32-1CF8-4B89-BD72-502350E857FC}.Release|Any CPU.Build.0 = Release|Any CPU
		{1E4188DB-014C-4246-A088-6A3D021F62C1}.Debug|Any CPU.ActiveCfg = Debug|Any CPU
		{1E4188DB-014C-4246-A088-6A3D021F62C1}.Debug|Any CPU.Build.0 = Debug|Any CPU
		{1E4188DB-014C-4246-A088-6A3D021F62C1}.Release|Any CPU.ActiveCfg = Release|Any CPU
		{1E4188DB-014C-4246-A088-6A3D021F62C1}.Release|Any CPU.Build.0 = Release|Any CPU
	EndGlobalSection
	GlobalSection(SolutionProperties) = preSolution
		HideSolutionNode = FALSE
	EndGlobalSection
	GlobalSection(ExtensibilityGlobals) = postSolution
		SolutionGuid = {8996B9D0-B771-468D-80C8-A0D18C54CBFF}
	EndGlobalSection
EndGlobal
